// !$*UTF8*$!
{
	archiveVersion = 1;
	classes = {
	};
	objectVersion = 50;
	objects = {

/* Begin PBXBuildFile section */
		BF14651C250C5DEF006C4FB7 /* AppDelegate.swift in Sources */ = {isa = PBXBuildFile; fileRef = BF14651B250C5DEF006C4FB7 /* AppDelegate.swift */; };
		BF14651E250C5DEF006C4FB7 /* SceneDelegate.swift in Sources */ = {isa = PBXBuildFile; fileRef = BF14651D250C5DEF006C4FB7 /* SceneDelegate.swift */; };
		BF146520250C5DEF006C4FB7 /* ViewController.swift in Sources */ = {isa = PBXBuildFile; fileRef = BF14651F250C5DEF006C4FB7 /* ViewController.swift */; };
		BF146523250C5DEF006C4FB7 /* Main.storyboard in Resources */ = {isa = PBXBuildFile; fileRef = BF146521250C5DEF006C4FB7 /* Main.storyboard */; };
		BF146526250C5DEF006C4FB7 /* News.xcdatamodeld in Sources */ = {isa = PBXBuildFile; fileRef = BF146524250C5DEF006C4FB7 /* News.xcdatamodeld */; };
		BF146528250C5DF5006C4FB7 /* Assets.xcassets in Resources */ = {isa = PBXBuildFile; fileRef = BF146527250C5DF5006C4FB7 /* Assets.xcassets */; };
		BF14652B250C5DF5006C4FB7 /* LaunchScreen.storyboard in Resources */ = {isa = PBXBuildFile; fileRef = BF146529250C5DF5006C4FB7 /* LaunchScreen.storyboard */; };
		BF146536250C5DF5006C4FB7 /* NewsTests.swift in Sources */ = {isa = PBXBuildFile; fileRef = BF146535250C5DF5006C4FB7 /* NewsTests.swift */; };
/* End PBXBuildFile section */

/* Begin PBXContainerItemProxy section */
		BF146532250C5DF5006C4FB7 /* PBXContainerItemProxy */ = {
			isa = PBXContainerItemProxy;
			containerPortal = BF146510250C5DEF006C4FB7 /* Project object */;
			proxyType = 1;
			remoteGlobalIDString = BF146517250C5DEF006C4FB7;
			remoteInfo = News;
		};
/* End PBXContainerItemProxy section */

/* Begin PBXFileReference section */
		BF146518250C5DEF006C4FB7 /* News.app */ = {isa = PBXFileReference; explicitFileType = wrapper.application; includeInIndex = 0; path = News.app; sourceTree = BUILT_PRODUCTS_DIR; };
		BF14651B250C5DEF006C4FB7 /* AppDelegate.swift */ = {isa = PBXFileReference; lastKnownFileType = sourcecode.swift; path = AppDelegate.swift; sourceTree = "<group>"; };
		BF14651D250C5DEF006C4FB7 /* SceneDelegate.swift */ = {isa = PBXFileReference; lastKnownFileType = sourcecode.swift; path = SceneDelegate.swift; sourceTree = "<group>"; };
		BF14651F250C5DEF006C4FB7 /* ViewController.swift */ = {isa = PBXFileReference; lastKnownFileType = sourcecode.swift; path = ViewController.swift; sourceTree = "<group>"; };
		BF146522250C5DEF006C4FB7 /* Base */ = {isa = PBXFileReference; lastKnownFileType = file.storyboard; name = Base; path = Base.lproj/Main.storyboard; sourceTree = "<group>"; };
		BF146525250C5DEF006C4FB7 /* News.xcdatamodel */ = {isa = PBXFileReference; lastKnownFileType = wrapper.xcdatamodel; path = News.xcdatamodel; sourceTree = "<group>"; };
		BF146527250C5DF5006C4FB7 /* Assets.xcassets */ = {isa = PBXFileReference; lastKnownFileType = folder.assetcatalog; path = Assets.xcassets; sourceTree = "<group>"; };
		BF14652A250C5DF5006C4FB7 /* Base */ = {isa = PBXFileReference; lastKnownFileType = file.storyboard; name = Base; path = Base.lproj/LaunchScreen.storyboard; sourceTree = "<group>"; };
		BF14652C250C5DF5006C4FB7 /* Info.plist */ = {isa = PBXFileReference; lastKnownFileType = text.plist.xml; path = Info.plist; sourceTree = "<group>"; };
		BF146531250C5DF5006C4FB7 /* NewsTests.xctest */ = {isa = PBXFileReference; explicitFileType = wrapper.cfbundle; includeInIndex = 0; path = NewsTests.xctest; sourceTree = BUILT_PRODUCTS_DIR; };
		BF146535250C5DF5006C4FB7 /* NewsTests.swift */ = {isa = PBXFileReference; lastKnownFileType = sourcecode.swift; path = NewsTests.swift; sourceTree = "<group>"; };
		BF146537250C5DF5006C4FB7 /* Info.plist */ = {isa = PBXFileReference; lastKnownFileType = text.plist.xml; path = Info.plist; sourceTree = "<group>"; };
/* End PBXFileReference section */

/* Begin PBXFrameworksBuildPhase section */
		BF146515250C5DEF006C4FB7 /* Frameworks */ = {
			isa = PBXFrameworksBuildPhase;
			buildActionMask = 2147483647;
			files = (
			);
			runOnlyForDeploymentPostprocessing = 0;
		};
		BF14652E250C5DF5006C4FB7 /* Frameworks */ = {
			isa = PBXFrameworksBuildPhase;
			buildActionMask = 2147483647;
			files = (
			);
			runOnlyForDeploymentPostprocessing = 0;
		};
/* End PBXFrameworksBuildPhase section */

/* Begin PBXGroup section */
		BF14650F250C5DEF006C4FB7 = {
			isa = PBXGroup;
			children = (
				BF14651A250C5DEF006C4FB7 /* News */,
				BF146534250C5DF5006C4FB7 /* NewsTests */,
				BF146519250C5DEF006C4FB7 /* Products */,
			);
			sourceTree = "<group>";
		};
		BF146519250C5DEF006C4FB7 /* Products */ = {
			isa = PBXGroup;
			children = (
				BF146518250C5DEF006C4FB7 /* News.app */,
				BF146531250C5DF5006C4FB7 /* NewsTests.xctest */,
			);
			name = Products;
			sourceTree = "<group>";
		};
		BF14651A250C5DEF006C4FB7 /* News */ = {
			isa = PBXGroup;
			children = (
				BF14651B250C5DEF006C4FB7 /* AppDelegate.swift */,
				BF14651D250C5DEF006C4FB7 /* SceneDelegate.swift */,
				BF14651F250C5DEF006C4FB7 /* ViewController.swift */,
				BF146521250C5DEF006C4FB7 /* Main.storyboard */,
				BF146527250C5DF5006C4FB7 /* Assets.xcassets */,
				BF146529250C5DF5006C4FB7 /* LaunchScreen.storyboard */,
				BF14652C250C5DF5006C4FB7 /* Info.plist */,
				BF146524250C5DEF006C4FB7 /* News.xcdatamodeld */,
			);
			path = News;
			sourceTree = "<group>";
		};
		BF146534250C5DF5006C4FB7 /* NewsTests */ = {
			isa = PBXGroup;
			children = (
				BF146535250C5DF5006C4FB7 /* NewsTests.swift */,
				BF146537250C5DF5006C4FB7 /* Info.plist */,
			);
			path = NewsTests;
			sourceTree = "<group>";
		};
/* End PBXGroup section */

/* Begin PBXNativeTarget section */
		BF146517250C5DEF006C4FB7 /* News */ = {
			isa = PBXNativeTarget;
			buildConfigurationList = BF14653A250C5DF5006C4FB7 /* Build configuration list for PBXNativeTarget "News" */;
			buildPhases = (
				BF146514250C5DEF006C4FB7 /* Sources */,
				BF146515250C5DEF006C4FB7 /* Frameworks */,
				BF146516250C5DEF006C4FB7 /* Resources */,
			);
			buildRules = (
			);
			dependencies = (
			);
			name = News;
			productName = News;
			productReference = BF146518250C5DEF006C4FB7 /* News.app */;
			productType = "com.apple.product-type.application";
		};
		BF146530250C5DF5006C4FB7 /* NewsTests */ = {
			isa = PBXNativeTarget;
			buildConfigurationList = BF14653D250C5DF5006C4FB7 /* Build configuration list for PBXNativeTarget "NewsTests" */;
			buildPhases = (
				BF14652D250C5DF5006C4FB7 /* Sources */,
				BF14652E250C5DF5006C4FB7 /* Frameworks */,
				BF14652F250C5DF5006C4FB7 /* Resources */,
			);
			buildRules = (
			);
			dependencies = (
				BF146533250C5DF5006C4FB7 /* PBXTargetDependency */,
			);
			name = NewsTests;
			productName = NewsTests;
			productReference = BF146531250C5DF5006C4FB7 /* NewsTests.xctest */;
			productType = "com.apple.product-type.bundle.unit-test";
		};
/* End PBXNativeTarget section */

/* Begin PBXProject section */
		BF146510250C5DEF006C4FB7 /* Project object */ = {
			isa = PBXProject;
			attributes = {
				LastSwiftUpdateCheck = 1160;
				LastUpgradeCheck = 1160;
				ORGANIZATIONNAME = Tokoin;
				TargetAttributes = {
					BF146517250C5DEF006C4FB7 = {
						CreatedOnToolsVersion = 11.6;
					};
					BF146530250C5DF5006C4FB7 = {
						CreatedOnToolsVersion = 11.6;
						TestTargetID = BF146517250C5DEF006C4FB7;
					};
				};
			};
			buildConfigurationList = BF146513250C5DEF006C4FB7 /* Build configuration list for PBXProject "News" */;
			compatibilityVersion = "Xcode 9.3";
			developmentRegion = en;
			hasScannedForEncodings = 0;
			knownRegions = (
				en,
				Base,
			);
			mainGroup = BF14650F250C5DEF006C4FB7;
			productRefGroup = BF146519250C5DEF006C4FB7 /* Products */;
			projectDirPath = "";
			projectRoot = "";
			targets = (
				BF146517250C5DEF006C4FB7 /* News */,
				BF146530250C5DF5006C4FB7 /* NewsTests */,
			);
		};
/* End PBXProject section */

/* Begin PBXResourcesBuildPhase section */
		BF146516250C5DEF006C4FB7 /* Resources */ = {
			isa = PBXResourcesBuildPhase;
			buildActionMask = 2147483647;
			files = (
				BF14652B250C5DF5006C4FB7 /* LaunchScreen.storyboard in Resources */,
				BF146528250C5DF5006C4FB7 /* Assets.xcassets in Resources */,
				BF146523250C5DEF006C4FB7 /* Main.storyboard in Resources */,
			);
			runOnlyForDeploymentPostprocessing = 0;
		};
		BF14652F250C5DF5006C4FB7 /* Resources */ = {
			isa = PBXResourcesBuildPhase;
			buildActionMask = 2147483647;
			files = (
			);
			runOnlyForDeploymentPostprocessing = 0;
		};
/* End PBXResourcesBuildPhase section */

/* Begin PBXSourcesBuildPhase section */
		BF146514250C5DEF006C4FB7 /* Sources */ = {
			isa = PBXSourcesBuildPhase;
			buildActionMask = 2147483647;
			files = (
				BF146520250C5DEF006C4FB7 /* ViewController.swift in Sources */,
				BF14651C250C5DEF006C4FB7 /* AppDelegate.swift in Sources */,
				BF146526250C5DEF006C4FB7 /* News.xcdatamodeld in Sources */,
				BF14651E250C5DEF006C4FB7 /* SceneDelegate.swift in Sources */,
			);
			runOnlyForDeploymentPostprocessing = 0;
		};
		BF14652D250C5DF5006C4FB7 /* Sources */ = {
			isa = PBXSourcesBuildPhase;
			buildActionMask = 2147483647;
			files = (
				BF146536250C5DF5006C4FB7 /* NewsTests.swift in Sources */,
			);
			runOnlyForDeploymentPostprocessing = 0;
		};
/* End PBXSourcesBuildPhase section */

/* Begin PBXTargetDependency section */
		BF146533250C5DF5006C4FB7 /* PBXTargetDependency */ = {
			isa = PBXTargetDependency;
			target = BF146517250C5DEF006C4FB7 /* News */;
			targetProxy = BF146532250C5DF5006C4FB7 /* PBXContainerItemProxy */;
		};
/* End PBXTargetDependency section */

/* Begin PBXVariantGroup section */
		BF146521250C5DEF006C4FB7 /* Main.storyboard */ = {
			isa = PBXVariantGroup;
			children = (
				BF146522250C5DEF006C4FB7 /* Base */,
			);
			name = Main.storyboard;
			sourceTree = "<group>";
		};
		BF146529250C5DF5006C4FB7 /* LaunchScreen.storyboard */ = {
			isa = PBXVariantGroup;
			children = (
				BF14652A250C5DF5006C4FB7 /* Base */,
			);
			name = LaunchScreen.storyboard;
			sourceTree = "<group>";
		};
/* End PBXVariantGroup section */

/* Begin XCBuildConfiguration section */
		BF146538250C5DF5006C4FB7 /* Debug */ = {
			isa = XCBuildConfiguration;
			buildSettings = {
				ALWAYS_SEARCH_USER_PATHS = NO;
				CLANG_ANALYZER_NONNULL = YES;
				CLANG_ANALYZER_NUMBER_OBJECT_CONVERSION = YES_AGGRESSIVE;
				CLANG_CXX_LANGUAGE_STANDARD = "gnu++14";
				CLANG_CXX_LIBRARY = "libc++";
				CLANG_ENABLE_MODULES = YES;
				CLANG_ENABLE_OBJC_ARC = YES;
				CLANG_ENABLE_OBJC_WEAK = YES;
				CLANG_WARN_BLOCK_CAPTURE_AUTORELEASING = YES;
				CLANG_WARN_BOOL_CONVERSION = YES;
				CLANG_WARN_COMMA = YES;
				CLANG_WARN_CONSTANT_CONVERSION = YES;
				CLANG_WARN_DEPRECATED_OBJC_IMPLEMENTATIONS = YES;
				CLANG_WARN_DIRECT_OBJC_ISA_USAGE = YES_ERROR;
				CLANG_WARN_DOCUMENTATION_COMMENTS = YES;
				CLANG_WARN_EMPTY_BODY = YES;
				CLANG_WARN_ENUM_CONVERSION = YES;
				CLANG_WARN_INFINITE_RECURSION = YES;
				CLANG_WARN_INT_CONVERSION = YES;
				CLANG_WARN_NON_LITERAL_NULL_CONVERSION = YES;
				CLANG_WARN_OBJC_IMPLICIT_RETAIN_SELF = YES;
				CLANG_WARN_OBJC_LITERAL_CONVERSION = YES;
				CLANG_WARN_OBJC_ROOT_CLASS = YES_ERROR;
				CLANG_WARN_RANGE_LOOP_ANALYSIS = YES;
				CLANG_WARN_STRICT_PROTOTYPES = YES;
				CLANG_WARN_SUSPICIOUS_MOVE = YES;
				CLANG_WARN_UNGUARDED_AVAILABILITY = YES_AGGRESSIVE;
				CLANG_WARN_UNREACHABLE_CODE = YES;
				CLANG_WARN__DUPLICATE_METHOD_MATCH = YES;
				COPY_PHASE_STRIP = NO;
				DEBUG_INFORMATION_FORMAT = dwarf;
				ENABLE_STRICT_OBJC_MSGSEND = YES;
				ENABLE_TESTABILITY = YES;
				GCC_C_LANGUAGE_STANDARD = gnu11;
				GCC_DYNAMIC_NO_PIC = NO;
				GCC_NO_COMMON_BLOCKS = YES;
				GCC_OPTIMIZATION_LEVEL = 0;
				GCC_PREPROCESSOR_DEFINITIONS = (
					"DEBUG=1",
					"$(inherited)",
				);
				GCC_WARN_64_TO_32_BIT_CONVERSION = YES;
				GCC_WARN_ABOUT_RETURN_TYPE = YES_ERROR;
				GCC_WARN_UNDECLARED_SELECTOR = YES;
				GCC_WARN_UNINITIALIZED_AUTOS = YES_AGGRESSIVE;
				GCC_WARN_UNUSED_FUNCTION = YES;
				GCC_WARN_UNUSED_VARIABLE = YES;
				IPHONEOS_DEPLOYMENT_TARGET = 13.6;
				MTL_ENABLE_DEBUG_INFO = INCLUDE_SOURCE;
				MTL_FAST_MATH = YES;
				ONLY_ACTIVE_ARCH = YES;
				SDKROOT = iphoneos;
				SWIFT_ACTIVE_COMPILATION_CONDITIONS = DEBUG;
				SWIFT_OPTIMIZATION_LEVEL = "-Onone";
			};
			name = Debug;
		};
		BF146539250C5DF5006C4FB7 /* Release */ = {
			isa = XCBuildConfiguration;
			buildSettings = {
				ALWAYS_SEARCH_USER_PATHS = NO;
				CLANG_ANALYZER_NONNULL = YES;
				CLANG_ANALYZER_NUMBER_OBJECT_CONVERSION = YES_AGGRESSIVE;
				CLANG_CXX_LANGUAGE_STANDARD = "gnu++14";
				CLANG_CXX_LIBRARY = "libc++";
				CLANG_ENABLE_MODULES = YES;
				CLANG_ENABLE_OBJC_ARC = YES;
				CLANG_ENABLE_OBJC_WEAK = YES;
				CLANG_WARN_BLOCK_CAPTURE_AUTORELEASING = YES;
				CLANG_WARN_BOOL_CONVERSION = YES;
				CLANG_WARN_COMMA = YES;
				CLANG_WARN_CONSTANT_CONVERSION = YES;
				CLANG_WARN_DEPRECATED_OBJC_IMPLEMENTATIONS = YES;
				CLANG_WARN_DIRECT_OBJC_ISA_USAGE = YES_ERROR;
				CLANG_WARN_DOCUMENTATION_COMMENTS = YES;
				CLANG_WARN_EMPTY_BODY = YES;
				CLANG_WARN_ENUM_CONVERSION = YES;
				CLANG_WARN_INFINITE_RECURSION = YES;
				CLANG_WARN_INT_CONVERSION = YES;
				CLANG_WARN_NON_LITERAL_NULL_CONVERSION = YES;
				CLANG_WARN_OBJC_IMPLICIT_RETAIN_SELF = YES;
				CLANG_WARN_OBJC_LITERAL_CONVERSION = YES;
				CLANG_WARN_OBJC_ROOT_CLASS = YES_ERROR;
				CLANG_WARN_RANGE_LOOP_ANALYSIS = YES;
				CLANG_WARN_STRICT_PROTOTYPES = YES;
				CLANG_WARN_SUSPICIOUS_MOVE = YES;
				CLANG_WARN_UNGUARDED_AVAILABILITY = YES_AGGRESSIVE;
				CLANG_WARN_UNREACHABLE_CODE = YES;
				CLANG_WARN__DUPLICATE_METHOD_MATCH = YES;
				COPY_PHASE_STRIP = NO;
				DEBUG_INFORMATION_FORMAT = "dwarf-with-dsym";
				ENABLE_NS_ASSERTIONS = NO;
				ENABLE_STRICT_OBJC_MSGSEND = YES;
				GCC_C_LANGUAGE_STANDARD = gnu11;
				GCC_NO_COMMON_BLOCKS = YES;
				GCC_WARN_64_TO_32_BIT_CONVERSION = YES;
				GCC_WARN_ABOUT_RETURN_TYPE = YES_ERROR;
				GCC_WARN_UNDECLARED_SELECTOR = YES;
				GCC_WARN_UNINITIALIZED_AUTOS = YES_AGGRESSIVE;
				GCC_WARN_UNUSED_FUNCTION = YES;
				GCC_WARN_UNUSED_VARIABLE = YES;
				IPHONEOS_DEPLOYMENT_TARGET = 13.6;
				MTL_ENABLE_DEBUG_INFO = NO;
				MTL_FAST_MATH = YES;
				SDKROOT = iphoneos;
				SWIFT_COMPILATION_MODE = wholemodule;
				SWIFT_OPTIMIZATION_LEVEL = "-O";
				VALIDATE_PRODUCT = YES;
			};
			name = Release;
		};
		BF14653B250C5DF5006C4FB7 /* Debug */ = {
			isa = XCBuildConfiguration;
			buildSettings = {
				ASSETCATALOG_COMPILER_APPICON_NAME = AppIcon;
				CODE_SIGN_STYLE = Automatic;
				INFOPLIST_FILE = News/Info.plist;
				LD_RUNPATH_SEARCH_PATHS = (
					"$(inherited)",
					"@executable_path/Frameworks",
				);
				PRODUCT_BUNDLE_IDENTIFIER = com.tokoin.vn.News;
				PRODUCT_NAME = "$(TARGET_NAME)";
				SWIFT_VERSION = 5.0;
				TARGETED_DEVICE_FAMILY = "1,2";
			};
			name = Debug;
		};
		BF14653C250C5DF5006C4FB7 /* Release */ = {
			isa = XCBuildConfiguration;
			buildSettings = {
				ASSETCATALOG_COMPILER_APPICON_NAME = AppIcon;
				CODE_SIGN_STYLE = Automatic;
				INFOPLIST_FILE = News/Info.plist;
				LD_RUNPATH_SEARCH_PATHS = (
					"$(inherited)",
					"@executable_path/Frameworks",
				);
				PRODUCT_BUNDLE_IDENTIFIER = com.tokoin.vn.News;
				PRODUCT_NAME = "$(TARGET_NAME)";
				SWIFT_VERSION = 5.0;
				TARGETED_DEVICE_FAMILY = "1,2";
			};
			name = Release;
		};
		BF14653E250C5DF5006C4FB7 /* Debug */ = {
			isa = XCBuildConfiguration;
			buildSettings = {
				ALWAYS_EMBED_SWIFT_STANDARD_LIBRARIES = YES;
				BUNDLE_LOADER = "$(TEST_HOST)";
				CODE_SIGN_STYLE = Automatic;
				INFOPLIST_FILE = NewsTests/Info.plist;
				IPHONEOS_DEPLOYMENT_TARGET = 13.6;
				LD_RUNPATH_SEARCH_PATHS = (
					"$(inherited)",
					"@executable_path/Frameworks",
					"@loader_path/Frameworks",
				);
				PRODUCT_BUNDLE_IDENTIFIER = com.tokoin.vn.NewsTests;
				PRODUCT_NAME = "$(TARGET_NAME)";
				SWIFT_VERSION = 5.0;
				TARGETED_DEVICE_FAMILY = "1,2";
				TEST_HOST = "$(BUILT_PRODUCTS_DIR)/News.app/News";
			};
			name = Debug;
		};
		BF14653F250C5DF5006C4FB7 /* Release */ = {
			isa = XCBuildConfiguration;
			buildSettings = {
				ALWAYS_EMBED_SWIFT_STANDARD_LIBRARIES = YES;
				BUNDLE_LOADER = "$(TEST_HOST)";
				CODE_SIGN_STYLE = Automatic;
				INFOPLIST_FILE = NewsTests/Info.plist;
				IPHONEOS_DEPLOYMENT_TARGET = 13.6;
				LD_RUNPATH_SEARCH_PATHS = (
					"$(inherited)",
					"@executable_path/Frameworks",
					"@loader_path/Frameworks",
				);
				PRODUCT_BUNDLE_IDENTIFIER = com.tokoin.vn.NewsTests;
				PRODUCT_NAME = "$(TARGET_NAME)";
				SWIFT_VERSION = 5.0;
				TARGETED_DEVICE_FAMILY = "1,2";
				TEST_HOST = "$(BUILT_PRODUCTS_DIR)/News.app/News";
			};
			name = Release;
		};
/* End XCBuildConfiguration section */

/* Begin XCConfigurationList section */
		BF146513250C5DEF006C4FB7 /* Build configuration list for PBXProject "News" */ = {
			isa = XCConfigurationList;
			buildConfigurations = (
				BF146538250C5DF5006C4FB7 /* Debug */,
				BF146539250C5DF5006C4FB7 /* Release */,
			);
			defaultConfigurationIsVisible = 0;
			defaultConfigurationName = Release;
		};
		BF14653A250C5DF5006C4FB7 /* Build configuration list for PBXNativeTarget "News" */ = {
			isa = XCConfigurationList;
			buildConfigurations = (
				BF14653B250C5DF5006C4FB7 /* Debug */,
				BF14653C250C5DF5006C4FB7 /* Release */,
			);
			defaultConfigurationIsVisible = 0;
			defaultConfigurationName = Release;
		};
		BF14653D250C5DF5006C4FB7 /* Build configuration list for PBXNativeTarget "NewsTests" */ = {
			isa = XCConfigurationList;
			buildConfigurations = (
				BF14653E250C5DF5006C4FB7 /* Debug */,
				BF14653F250C5DF5006C4FB7 /* Release */,
			);
			defaultConfigurationIsVisible = 0;
			defaultConfigurationName = Release;
		};
/* End XCConfigurationList section */

/* Begin XCVersionGroup section */
		BF146524250C5DEF006C4FB7 /* News.xcdatamodeld */ = {
			isa = XCVersionGroup;
			children = (
				BF146525250C5DEF006C4FB7 /* News.xcdatamodel */,
			);
			currentVersion = BF146525250C5DEF006C4FB7 /* News.xcdatamodel */;
			path = News.xcdatamodeld;
			sourceTree = "<group>";
			versionGroupType = wrapper.xcdatamodel;
		};
/* End XCVersionGroup section */
	};
	rootObject = BF146510250C5DEF006C4FB7 /* Project object */;
}
